
Microsoft Visual Studio Solution File, Format Version 12.00
# Visual Studio Version 17
VisualStudioVersion = 17.8.34511.84
MinimumVisualStudioVersion = 10.0.40219.1
Project("{9A19103F-16F7-4668-BE54-9A1E7A4F7556}") = "UnderstandingScreenplay", "UnderstandingScreenplay.csproj", "{C930D9CB-CB27-4114-9160-F0A4886D79D3}"
EndProject
Project("{2150E333-8FDC-42A3-9474-1A3956D46DE8}") = "Solution Items", "Solution Items", "{FC9ACE47-C157-4AE4-8E26-E9A0EBEEE76D}"
	ProjectSection(SolutionItems) = preProject
		readme.md = readme.md
		serenity-js-screenplay-pattern.5eead28.1200.png = serenity-js-screenplay-pattern.5eead28.1200.png
	EndProjectSection
EndProject
Global
	GlobalSection(SolutionConfigurationPlatforms) = preSolution
		Debug|Any CPU = Debug|Any CPU
		Release|Any CPU = Release|Any CPU
	EndGlobalSection
	GlobalSection(ProjectConfigurationPlatforms) = postSolution
		{C930D9CB-CB27-4114-9160-F0A4886D79D3}.Debug|Any CPU.ActiveCfg = Debug|Any CPU
		{C930D9CB-CB27-4114-9160-F0A4886D79D3}.Debug|Any CPU.Build.0 = Debug|Any CPU
		{C930D9CB-CB27-4114-9160-F0A4886D79D3}.Release|Any CPU.ActiveCfg = Release|Any CPU
		{C930D9CB-CB27-4114-9160-F0A4886D79D3}.Release|Any CPU.Build.0 = Release|Any CPU
	EndGlobalSection
	GlobalSection(SolutionProperties) = preSolution
		HideSolutionNode = FALSE
	EndGlobalSection
	GlobalSection(ExtensibilityGlobals) = postSolution
		SolutionGuid = {722C6CD4-6E54-4019-BF95-BBA7FDCF683F}
	EndGlobalSection
EndGlobal
